
Microsoft Visual Studio Solution File, Format Version 12.00
# Visual Studio Version 16
VisualStudioVersion = 16.0.30907.101
MinimumVisualStudioVersion = 10.0.40219.1
Project("{FAE04EC0-301F-11D3-BF4B-00C04F79EFBC}") = "CSharpLuaRunner", "CSharpLuaRunner.csproj", "{6611ED13-2D3C-4DBF-958D-64E71925831B}"
EndProject
Global
	GlobalSection(SolutionConfigurationPlatforms) = preSolution
		Debug|Any CPU = Debug|Any CPU
		Release|Any CPU = Release|Any CPU
	EndGlobalSection
	GlobalSection(ProjectConfigurationPlatforms) = postSolution
		{6611ED13-2D3C-4DBF-958D-64E71925831B}.Debug|Any CPU.ActiveCfg = Debug|Any CPU
		{6611ED13-2D3C-4DBF-958D-64E71925831B}.Debug|Any CPU.Build.0 = Debug|Any CPU
		{6611ED13-2D3C-4DBF-958D-64E71925831B}.Release|Any CPU.ActiveCfg = Release|Any CPU
		{6611ED13-2D3C-4DBF-958D-64E71925831B}.Release|Any CPU.Build.0 = Release|Any CPU
	EndGlobalSection
	GlobalSection(SolutionProperties) = preSolution
		HideSolutionNode = FALSE
	EndGlobalSection
	GlobalSection(ExtensibilityGlobals) = postSolution
		SolutionGuid = {4A897DB3-5307-4CE8-B134-5691CBE9F85B}
	EndGlobalSection
EndGlobal
